
Microsoft Visual Studio Solution File, Format Version 12.00
# Visual Studio Version 17
VisualStudioVersion = 17.8.34601.278
MinimumVisualStudioVersion = 10.0.40219.1
Project("{FAE04EC0-301F-11D3-BF4B-00C04F79EFBC}") = "DZ_8.03.2024_5", "DZ_8.03.2024_5\DZ_8.03.2024_5.csproj", "{28D407D2-36D4-4A13-BC91-1B0EE2C34E8C}"
EndProject
Global
	GlobalSection(SolutionConfigurationPlatforms) = preSolution
		Debug|Any CPU = Debug|Any CPU
		Release|Any CPU = Release|Any CPU
	EndGlobalSection
	GlobalSection(ProjectConfigurationPlatforms) = postSolution
		{28D407D2-36D4-4A13-BC91-1B0EE2C34E8C}.Debug|Any CPU.ActiveCfg = Debug|Any CPU
		{28D407D2-36D4-4A13-BC91-1B0EE2C34E8C}.Debug|Any CPU.Build.0 = Debug|Any CPU
		{28D407D2-36D4-4A13-BC91-1B0EE2C34E8C}.Release|Any CPU.ActiveCfg = Release|Any CPU
		{28D407D2-36D4-4A13-BC91-1B0EE2C34E8C}.Release|Any CPU.Build.0 = Release|Any CPU
	EndGlobalSection
	GlobalSection(SolutionProperties) = preSolution
		HideSolutionNode = FALSE
	EndGlobalSection
	GlobalSection(ExtensibilityGlobals) = postSolution
		SolutionGuid = {17F23C8F-FB9B-4988-AB98-2842312F7C1E}
	EndGlobalSection
EndGlobal
